schema: '2.0'
stages:
  data_ingestion:
    cmd: python src/data/data_ingestion.py
    deps:
    - path: src/data/data_ingestion.py
      hash: md5
      md5: 3b56cb0713d8fbcff641122c74192b90
      size: 2817
    outs:
    - path: data/raw
      hash: md5
      md5: 18f4f651fc319909c2a9256290f24e1b.dir
      size: 37369
      nfiles: 2
  data_preprocessing:
    cmd: python src/data/data_preprocessing.py
    deps:
    - path: data/raw
      hash: md5
      md5: 18f4f651fc319909c2a9256290f24e1b.dir
      size: 37369
      nfiles: 2
    - path: src/data/data_preprocessing.py
      hash: md5
      md5: aed09d67e23466ed14fd41d561d03fc9
      size: 5001
    outs:
    - path: data/processed
      hash: md5
      md5: 99505e1e18961a559bd9dbd8f298f69d.dir
      size: 61227
      nfiles: 2
    - path: models/encoder.pkl
      hash: md5
      md5: 1046aaaff658c7c20f04e3ba546177be
      size: 2641
    - path: models/imputer.pkl
      hash: md5
      md5: 61574368735c3d0651aa0483b88ce2be
      size: 48177
    - path: models/scaler.pkl
      hash: md5
      md5: 8a088237b58da4de5509995ec82ed807
      size: 951
  model_building:
    cmd: python src/model/model_building.py
    deps:
    - path: data/processed
      hash: md5
      md5: 99505e1e18961a559bd9dbd8f298f69d.dir
      size: 61227
      nfiles: 2
    - path: src/model/model_building.py
      hash: md5
      md5: 02527ad1f207c14c22172c91b59d9efd
      size: 1883
    outs:
    - path: models/model.pkl
      hash: md5
      md5: 17c63e3f2f0b461838b337638f56f8f9
      size: 46708
  model_evaluation:
    cmd: python src/model/model_evaluation.py
    deps:
    - path: data/processed
      hash: md5
      md5: 99505e1e18961a559bd9dbd8f298f69d.dir
      size: 61227
      nfiles: 2
    - path: src/model/model_evaluation.py
      hash: md5
      md5: da71d3628c355ba457ce89ad9b3479e5
      size: 4388
    outs:
    - path: reports/metrics.json
      hash: md5
      md5: b5fb32e5f39c42c42cc92a00a57fe511
      size: 145
    - path: reports/model_info.json
      hash: md5
      md5: 3c90fe8aac9c04d7c2a0919d9980761f
      size: 95
